
Microsoft Visual Studio Solution File, Format Version 12.00
# Visual Studio Version 16
VisualStudioVersion = 16.0.29709.97
MinimumVisualStudioVersion = 10.0.40219.1
Project("{FAE04EC0-301F-11D3-BF4B-00C04F79EFBC}") = "CreateStruct", "CreateStruct\CreateStruct.csproj", "{773DC45F-C4F9-4A2E-B692-1B62DB2D692C}"
EndProject
Global
	GlobalSection(SolutionConfigurationPlatforms) = preSolution
		Debug|Any CPU = Debug|Any CPU
		Release|Any CPU = Release|Any CPU
	EndGlobalSection
	GlobalSection(ProjectConfigurationPlatforms) = postSolution
		{773DC45F-C4F9-4A2E-B692-1B62DB2D692C}.Debug|Any CPU.ActiveCfg = Debug|Any CPU
		{773DC45F-C4F9-4A2E-B692-1B62DB2D692C}.Debug|Any CPU.Build.0 = Debug|Any CPU
		{773DC45F-C4F9-4A2E-B692-1B62DB2D692C}.Release|Any CPU.ActiveCfg = Release|Any CPU
		{773DC45F-C4F9-4A2E-B692-1B62DB2D692C}.Release|Any CPU.Build.0 = Release|Any CPU
	EndGlobalSection
	GlobalSection(SolutionProperties) = preSolution
		HideSolutionNode = FALSE
	EndGlobalSection
	GlobalSection(ExtensibilityGlobals) = postSolution
		SolutionGuid = {0746FE09-A47C-4AE0-8FC0-E144A6A8B0A5}
	EndGlobalSection
EndGlobal
